// !$*UTF8*$!
{
	archiveVersion = 1;
	classes = {
	};
	objectVersion = 56;
	objects = {

/* Begin PBXBuildFile section */
		257F669A2BC5528F0017146F /* SegmentHeightApp.swift in Sources */ = {isa = PBXBuildFile; fileRef = 257F66992BC5528F0017146F /* SegmentHeightApp.swift */; };
		257F669C2BC5528F0017146F /* ContentView.swift in Sources */ = {isa = PBXBuildFile; fileRef = 257F669B2BC5528F0017146F /* ContentView.swift */; };
		257F669E2BC552910017146F /* Assets.xcassets in Resources */ = {isa = PBXBuildFile; fileRef = 257F669D2BC552910017146F /* Assets.xcassets */; };
		257F66A12BC552910017146F /* Preview Assets.xcassets in Resources */ = {isa = PBXBuildFile; fileRef = 257F66A02BC552910017146F /* Preview Assets.xcassets */; };
		257F66A92BC553610017146F /* CustomCameraController.swift in Sources */ = {isa = PBXBuildFile; fileRef = 257F66A82BC553610017146F /* CustomCameraController.swift */; };
		257F66AB2BC5538B0017146F /* PhotoPreviewView.swift in Sources */ = {isa = PBXBuildFile; fileRef = 257F66AA2BC5538B0017146F /* PhotoPreviewView.swift */; };
		257F66AD2BC553BD0017146F /* MyViewControllerWrapper.swift in Sources */ = {isa = PBXBuildFile; fileRef = 257F66AC2BC553BC0017146F /* MyViewControllerWrapper.swift */; };
		257F66B02BC554070017146F /* UIView+Extension.swift in Sources */ = {isa = PBXBuildFile; fileRef = 257F66AF2BC554070017146F /* UIView+Extension.swift */; };
		257F66B22BC554ED0017146F /* ImageViewController.swift in Sources */ = {isa = PBXBuildFile; fileRef = 257F66B12BC554ED0017146F /* ImageViewController.swift */; };
		257F66B42BC5550F0017146F /* GlassDetection.mlmodel in Sources */ = {isa = PBXBuildFile; fileRef = 257F66B32BC5550F0017146F /* GlassDetection.mlmodel */; };
		257F66B62BC55DCB0017146F /* CGPoint+Extension.swift in Sources */ = {isa = PBXBuildFile; fileRef = 257F66B52BC55DCB0017146F /* CGPoint+Extension.swift */; };
/* End PBXBuildFile section */

/* Begin PBXFileReference section */
		257F66962BC5528F0017146F /* SegmentHeight.app */ = {isa = PBXFileReference; explicitFileType = wrapper.application; includeInIndex = 0; path = SegmentHeight.app; sourceTree = BUILT_PRODUCTS_DIR; };
		257F66992BC5528F0017146F /* SegmentHeightApp.swift */ = {isa = PBXFileReference; lastKnownFileType = sourcecode.swift; path = SegmentHeightApp.swift; sourceTree = "<group>"; };
		257F669B2BC5528F0017146F /* ContentView.swift */ = {isa = PBXFileReference; lastKnownFileType = sourcecode.swift; path = ContentView.swift; sourceTree = "<group>"; };
		257F669D2BC552910017146F /* Assets.xcassets */ = {isa = PBXFileReference; lastKnownFileType = folder.assetcatalog; path = Assets.xcassets; sourceTree = "<group>"; };
		257F66A02BC552910017146F /* Preview Assets.xcassets */ = {isa = PBXFileReference; lastKnownFileType = folder.assetcatalog; path = "Preview Assets.xcassets"; sourceTree = "<group>"; };
		257F66A82BC553610017146F /* CustomCameraController.swift */ = {isa = PBXFileReference; lastKnownFileType = sourcecode.swift; path = CustomCameraController.swift; sourceTree = "<group>"; };
		257F66AA2BC5538B0017146F /* PhotoPreviewView.swift */ = {isa = PBXFileReference; lastKnownFileType = sourcecode.swift; path = PhotoPreviewView.swift; sourceTree = "<group>"; };
		257F66AC2BC553BC0017146F /* MyViewControllerWrapper.swift */ = {isa = PBXFileReference; lastKnownFileType = sourcecode.swift; path = MyViewControllerWrapper.swift; sourceTree = "<group>"; };
		257F66AF2BC554070017146F /* UIView+Extension.swift */ = {isa = PBXFileReference; lastKnownFileType = sourcecode.swift; path = "UIView+Extension.swift"; sourceTree = "<group>"; };
		257F66B12BC554ED0017146F /* ImageViewController.swift */ = {isa = PBXFileReference; lastKnownFileType = sourcecode.swift; path = ImageViewController.swift; sourceTree = "<group>"; };
		257F66B32BC5550F0017146F /* GlassDetection.mlmodel */ = {isa = PBXFileReference; lastKnownFileType = file.mlmodel; path = GlassDetection.mlmodel; sourceTree = "<group>"; };
		257F66B52BC55DCB0017146F /* CGPoint+Extension.swift */ = {isa = PBXFileReference; lastKnownFileType = sourcecode.swift; path = "CGPoint+Extension.swift"; sourceTree = "<group>"; };
/* End PBXFileReference section */

/* Begin PBXFrameworksBuildPhase section */
		257F66932BC5528F0017146F /* Frameworks */ = {
			isa = PBXFrameworksBuildPhase;
			buildActionMask = 2147483647;
			files = (
			);
			runOnlyForDeploymentPostprocessing = 0;
		};
/* End PBXFrameworksBuildPhase section */

/* Begin PBXGroup section */
		257F668D2BC5528F0017146F = {
			isa = PBXGroup;
			children = (
				257F66B32BC5550F0017146F /* GlassDetection.mlmodel */,
				257F66982BC5528F0017146F /* SegmentHeight */,
				257F66972BC5528F0017146F /* Products */,
			);
			sourceTree = "<group>";
		};
		257F66972BC5528F0017146F /* Products */ = {
			isa = PBXGroup;
			children = (
				257F66962BC5528F0017146F /* SegmentHeight.app */,
			);
			name = Products;
			sourceTree = "<group>";
		};
		257F66982BC5528F0017146F /* SegmentHeight */ = {
			isa = PBXGroup;
			children = (
				257F66AE2BC553EA0017146F /* Extension */,
				257F66A72BC553340017146F /* CameraView */,
				257F66992BC5528F0017146F /* SegmentHeightApp.swift */,
				257F669B2BC5528F0017146F /* ContentView.swift */,
				257F669D2BC552910017146F /* Assets.xcassets */,
				257F669F2BC552910017146F /* Preview Content */,
			);
			path = SegmentHeight;
			sourceTree = "<group>";
		};
		257F669F2BC552910017146F /* Preview Content */ = {
			isa = PBXGroup;
			children = (
				257F66A02BC552910017146F /* Preview Assets.xcassets */,
			);
			path = "Preview Content";
			sourceTree = "<group>";
		};
		257F66A72BC553340017146F /* CameraView */ = {
			isa = PBXGroup;
			children = (
				257F66A82BC553610017146F /* CustomCameraController.swift */,
				257F66AA2BC5538B0017146F /* PhotoPreviewView.swift */,
				257F66AC2BC553BC0017146F /* MyViewControllerWrapper.swift */,
				257F66B12BC554ED0017146F /* ImageViewController.swift */,
			);
			path = CameraView;
			sourceTree = "<group>";
		};
		257F66AE2BC553EA0017146F /* Extension */ = {
			isa = PBXGroup;
			children = (
				257F66AF2BC554070017146F /* UIView+Extension.swift */,
				257F66B52BC55DCB0017146F /* CGPoint+Extension.swift */,
			);
			path = Extension;
			sourceTree = "<group>";
		};
/* End PBXGroup section */

/* Begin PBXNativeTarget section */
		257F66952BC5528F0017146F /* SegmentHeight */ = {
			isa = PBXNativeTarget;
			buildConfigurationList = 257F66A42BC552910017146F /* Build configuration list for PBXNativeTarget "SegmentHeight" */;
			buildPhases = (
				257F66922BC5528F0017146F /* Sources */,
				257F66932BC5528F0017146F /* Frameworks */,
				257F66942BC5528F0017146F /* Resources */,
			);
			buildRules = (
			);
			dependencies = (
			);
			name = SegmentHeight;
			productName = SegmentHeight;
			productReference = 257F66962BC5528F0017146F /* SegmentHeight.app */;
			productType = "com.apple.product-type.application";
		};
/* End PBXNativeTarget section */

/* Begin PBXProject section */
		257F668E2BC5528F0017146F /* Project object */ = {
			isa = PBXProject;
			attributes = {
				BuildIndependentTargetsInParallel = 1;
				LastSwiftUpdateCheck = 1500;
				LastUpgradeCheck = 1500;
				TargetAttributes = {
					257F66952BC5528F0017146F = {
						CreatedOnToolsVersion = 15.0;
					};
				};
			};
			buildConfigurationList = 257F66912BC5528F0017146F /* Build configuration list for PBXProject "SegmentHeight" */;
			compatibilityVersion = "Xcode 14.0";
			developmentRegion = en;
			hasScannedForEncodings = 0;
			knownRegions = (
				en,
				Base,
			);
			mainGroup = 257F668D2BC5528F0017146F;
			productRefGroup = 257F66972BC5528F0017146F /* Products */;
			projectDirPath = "";
			projectRoot = "";
			targets = (
				257F66952BC5528F0017146F /* SegmentHeight */,
			);
		};
/* End PBXProject section */

/* Begin PBXResourcesBuildPhase section */
		257F66942BC5528F0017146F /* Resources */ = {
			isa = PBXResourcesBuildPhase;
			buildActionMask = 2147483647;
			files = (
				257F66A12BC552910017146F /* Preview Assets.xcassets in Resources */,
				257F669E2BC552910017146F /* Assets.xcassets in Resources */,
			);
			runOnlyForDeploymentPostprocessing = 0;
		};
/* End PBXResourcesBuildPhase section */

/* Begin PBXSourcesBuildPhase section */
		257F66922BC5528F0017146F /* Sources */ = {
			isa = PBXSourcesBuildPhase;
			buildActionMask = 2147483647;
			files = (
				257F66B02BC554070017146F /* UIView+Extension.swift in Sources */,
				257F66AB2BC5538B0017146F /* PhotoPreviewView.swift in Sources */,
				257F669C2BC5528F0017146F /* ContentView.swift in Sources */,
				257F66B22BC554ED0017146F /* ImageViewController.swift in Sources */,
				257F669A2BC5528F0017146F /* SegmentHeightApp.swift in Sources */,
				257F66A92BC553610017146F /* CustomCameraController.swift in Sources */,
				257F66AD2BC553BD0017146F /* MyViewControllerWrapper.swift in Sources */,
				257F66B42BC5550F0017146F /* GlassDetection.mlmodel in Sources */,
				257F66B62BC55DCB0017146F /* CGPoint+Extension.swift in Sources */,
			);
			runOnlyForDeploymentPostprocessing = 0;
		};
/* End PBXSourcesBuildPhase section */

/* Begin XCBuildConfiguration section */
		257F66A22BC552910017146F /* Debug */ = {
			isa = XCBuildConfiguration;
			buildSettings = {
				ALWAYS_SEARCH_USER_PATHS = NO;
				ASSETCATALOG_COMPILER_GENERATE_SWIFT_ASSET_SYMBOL_EXTENSIONS = YES;
				CLANG_ANALYZER_NONNULL = YES;
				CLANG_ANALYZER_NUMBER_OBJECT_CONVERSION = YES_AGGRESSIVE;
				CLANG_CXX_LANGUAGE_STANDARD = "gnu++20";
				CLANG_ENABLE_MODULES = YES;
				CLANG_ENABLE_OBJC_ARC = YES;
				CLANG_ENABLE_OBJC_WEAK = YES;
				CLANG_WARN_BLOCK_CAPTURE_AUTORELEASING = YES;
				CLANG_WARN_BOOL_CONVERSION = YES;
				CLANG_WARN_COMMA = YES;
				CLANG_WARN_CONSTANT_CONVERSION = YES;
				CLANG_WARN_DEPRECATED_OBJC_IMPLEMENTATIONS = YES;
				CLANG_WARN_DIRECT_OBJC_ISA_USAGE = YES_ERROR;
				CLANG_WARN_DOCUMENTATION_COMMENTS = YES;
				CLANG_WARN_EMPTY_BODY = YES;
				CLANG_WARN_ENUM_CONVERSION = YES;
				CLANG_WARN_INFINITE_RECURSION = YES;
				CLANG_WARN_INT_CONVERSION = YES;
				CLANG_WARN_NON_LITERAL_NULL_CONVERSION = YES;
				CLANG_WARN_OBJC_IMPLICIT_RETAIN_SELF = YES;
				CLANG_WARN_OBJC_LITERAL_CONVERSION = YES;
				CLANG_WARN_OBJC_ROOT_CLASS = YES_ERROR;
				CLANG_WARN_QUOTED_INCLUDE_IN_FRAMEWORK_HEADER = YES;
				CLANG_WARN_RANGE_LOOP_ANALYSIS = YES;
				CLANG_WARN_STRICT_PROTOTYPES = YES;
				CLANG_WARN_SUSPICIOUS_MOVE = YES;
				CLANG_WARN_UNGUARDED_AVAILABILITY = YES_AGGRESSIVE;
				CLANG_WARN_UNREACHABLE_CODE = YES;
				CLANG_WARN__DUPLICATE_METHOD_MATCH = YES;
				COPY_PHASE_STRIP = NO;
				DEBUG_INFORMATION_FORMAT = dwarf;
				ENABLE_STRICT_OBJC_MSGSEND = YES;
				ENABLE_TESTABILITY = YES;
				ENABLE_USER_SCRIPT_SANDBOXING = YES;
				GCC_C_LANGUAGE_STANDARD = gnu17;
				GCC_DYNAMIC_NO_PIC = NO;
				GCC_NO_COMMON_BLOCKS = YES;
				GCC_OPTIMIZATION_LEVEL = 0;
				GCC_PREPROCESSOR_DEFINITIONS = (
					"DEBUG=1",
					"$(inherited)",
				);
				GCC_WARN_64_TO_32_BIT_CONVERSION = YES;
				GCC_WARN_ABOUT_RETURN_TYPE = YES_ERROR;
				GCC_WARN_UNDECLARED_SELECTOR = YES;
				GCC_WARN_UNINITIALIZED_AUTOS = YES_AGGRESSIVE;
				GCC_WARN_UNUSED_FUNCTION = YES;
				GCC_WARN_UNUSED_VARIABLE = YES;
				IPHONEOS_DEPLOYMENT_TARGET = 17.0;
				LOCALIZATION_PREFERS_STRING_CATALOGS = YES;
				MTL_ENABLE_DEBUG_INFO = INCLUDE_SOURCE;
				MTL_FAST_MATH = YES;
				ONLY_ACTIVE_ARCH = YES;
				SDKROOT = iphoneos;
				SWIFT_ACTIVE_COMPILATION_CONDITIONS = "DEBUG $(inherited)";
				SWIFT_OPTIMIZATION_LEVEL = "-Onone";
			};
			name = Debug;
		};
		257F66A32BC552910017146F /* Release */ = {
			isa = XCBuildConfiguration;
			buildSettings = {
				ALWAYS_SEARCH_USER_PATHS = NO;
				ASSETCATALOG_COMPILER_GENERATE_SWIFT_ASSET_SYMBOL_EXTENSIONS = YES;
				CLANG_ANALYZER_NONNULL = YES;
				CLANG_ANALYZER_NUMBER_OBJECT_CONVERSION = YES_AGGRESSIVE;
				CLANG_CXX_LANGUAGE_STANDARD = "gnu++20";
				CLANG_ENABLE_MODULES = YES;
				CLANG_ENABLE_OBJC_ARC = YES;
				CLANG_ENABLE_OBJC_WEAK = YES;
				CLANG_WARN_BLOCK_CAPTURE_AUTORELEASING = YES;
				CLANG_WARN_BOOL_CONVERSION = YES;
				CLANG_WARN_COMMA = YES;
				CLANG_WARN_CONSTANT_CONVERSION = YES;
				CLANG_WARN_DEPRECATED_OBJC_IMPLEMENTATIONS = YES;
				CLANG_WARN_DIRECT_OBJC_ISA_USAGE = YES_ERROR;
				CLANG_WARN_DOCUMENTATION_COMMENTS = YES;
				CLANG_WARN_EMPTY_BODY = YES;
				CLANG_WARN_ENUM_CONVERSION = YES;
				CLANG_WARN_INFINITE_RECURSION = YES;
				CLANG_WARN_INT_CONVERSION = YES;
				CLANG_WARN_NON_LITERAL_NULL_CONVERSION = YES;
				CLANG_WARN_OBJC_IMPLICIT_RETAIN_SELF = YES;
				CLANG_WARN_OBJC_LITERAL_CONVERSION = YES;
				CLANG_WARN_OBJC_ROOT_CLASS = YES_ERROR;
				CLANG_WARN_QUOTED_INCLUDE_IN_FRAMEWORK_HEADER = YES;
				CLANG_WARN_RANGE_LOOP_ANALYSIS = YES;
				CLANG_WARN_STRICT_PROTOTYPES = YES;
				CLANG_WARN_SUSPICIOUS_MOVE = YES;
				CLANG_WARN_UNGUARDED_AVAILABILITY = YES_AGGRESSIVE;
				CLANG_WARN_UNREACHABLE_CODE = YES;
				CLANG_WARN__DUPLICATE_METHOD_MATCH = YES;
				COPY_PHASE_STRIP = NO;
				DEBUG_INFORMATION_FORMAT = "dwarf-with-dsym";
				ENABLE_NS_ASSERTIONS = NO;
				ENABLE_STRICT_OBJC_MSGSEND = YES;
				ENABLE_USER_SCRIPT_SANDBOXING = YES;
				GCC_C_LANGUAGE_STANDARD = gnu17;
				GCC_NO_COMMON_BLOCKS = YES;
				GCC_WARN_64_TO_32_BIT_CONVERSION = YES;
				GCC_WARN_ABOUT_RETURN_TYPE = YES_ERROR;
				GCC_WARN_UNDECLARED_SELECTOR = YES;
				GCC_WARN_UNINITIALIZED_AUTOS = YES_AGGRESSIVE;
				GCC_WARN_UNUSED_FUNCTION = YES;
				GCC_WARN_UNUSED_VARIABLE = YES;
				IPHONEOS_DEPLOYMENT_TARGET = 17.0;
				LOCALIZATION_PREFERS_STRING_CATALOGS = YES;
				MTL_ENABLE_DEBUG_INFO = NO;
				MTL_FAST_MATH = YES;
				SDKROOT = iphoneos;
				SWIFT_COMPILATION_MODE = wholemodule;
				VALIDATE_PRODUCT = YES;
			};
			name = Release;
		};
		257F66A52BC552910017146F /* Debug */ = {
			isa = XCBuildConfiguration;
			buildSettings = {
				ASSETCATALOG_COMPILER_APPICON_NAME = AppIcon;
				ASSETCATALOG_COMPILER_GLOBAL_ACCENT_COLOR_NAME = AccentColor;
				CODE_SIGN_IDENTITY = "Apple Development";
				CODE_SIGN_STYLE = Automatic;
				CURRENT_PROJECT_VERSION = 1;
				DEVELOPMENT_ASSET_PATHS = "\"SegmentHeight/Preview Content\"";
				DEVELOPMENT_TEAM = 873ZSVBQQY;
				ENABLE_PREVIEWS = YES;
				GENERATE_INFOPLIST_FILE = YES;
				INFOPLIST_KEY_NSCameraUsageDescription = "Access the camera for the segment height";
				INFOPLIST_KEY_NSMicrophoneUsageDescription = "Using this for the testing purpose";
				INFOPLIST_KEY_UIApplicationSceneManifest_Generation = YES;
				INFOPLIST_KEY_UIApplicationSupportsIndirectInputEvents = YES;
				INFOPLIST_KEY_UILaunchScreen_Generation = YES;
				INFOPLIST_KEY_UISupportedInterfaceOrientations_iPad = "UIInterfaceOrientationPortrait UIInterfaceOrientationPortraitUpsideDown UIInterfaceOrientationLandscapeLeft UIInterfaceOrientationLandscapeRight";
				INFOPLIST_KEY_UISupportedInterfaceOrientations_iPhone = "UIInterfaceOrientationPortrait UIInterfaceOrientationLandscapeLeft UIInterfaceOrientationLandscapeRight";
				IPHONEOS_DEPLOYMENT_TARGET = 15.6;
				LD_RUNPATH_SEARCH_PATHS = (
					"$(inherited)",
					"@executable_path/Frameworks",
				);
				MARKETING_VERSION = 1.0;
				PRODUCT_BUNDLE_IDENTIFIER = com.arun.SegmentHeight;
				PRODUCT_NAME = "$(TARGET_NAME)";
				PROVISIONING_PROFILE_SPECIFIER = "";
				SWIFT_EMIT_LOC_STRINGS = YES;
				SWIFT_VERSION = 5.0;
				TARGETED_DEVICE_FAMILY = "1,2";
			};
			name = Debug;
		};
		257F66A62BC552910017146F /* Release */ = {
			isa = XCBuildConfiguration;
			buildSettings = {
				ASSETCATALOG_COMPILER_APPICON_NAME = AppIcon;
				ASSETCATALOG_COMPILER_GLOBAL_ACCENT_COLOR_NAME = AccentColor;
				CODE_SIGN_IDENTITY = "Apple Development";
				CODE_SIGN_STYLE = Automatic;
				CURRENT_PROJECT_VERSION = 1;
				DEVELOPMENT_ASSET_PATHS = "\"SegmentHeight/Preview Content\"";
				DEVELOPMENT_TEAM = 873ZSVBQQY;
				ENABLE_PREVIEWS = YES;
				GENERATE_INFOPLIST_FILE = YES;
				INFOPLIST_KEY_NSCameraUsageDescription = "Access the camera for the segment height";
				INFOPLIST_KEY_NSMicrophoneUsageDescription = "Using this for the testing purpose";
				INFOPLIST_KEY_UIApplicationSceneManifest_Generation = YES;
				INFOPLIST_KEY_UIApplicationSupportsIndirectInputEvents = YES;
				INFOPLIST_KEY_UILaunchScreen_Generation = YES;
				INFOPLIST_KEY_UISupportedInterfaceOrientations_iPad = "UIInterfaceOrientationPortrait UIInterfaceOrientationPortraitUpsideDown UIInterfaceOrientationLandscapeLeft UIInterfaceOrientationLandscapeRight";
				INFOPLIST_KEY_UISupportedInterfaceOrientations_iPhone = "UIInterfaceOrientationPortrait UIInterfaceOrientationLandscapeLeft UIInterfaceOrientationLandscapeRight";
				IPHONEOS_DEPLOYMENT_TARGET = 15.6;
				LD_RUNPATH_SEARCH_PATHS = (
					"$(inherited)",
					"@executable_path/Frameworks",
				);
				MARKETING_VERSION = 1.0;
				PRODUCT_BUNDLE_IDENTIFIER = com.arun.SegmentHeight;
				PRODUCT_NAME = "$(TARGET_NAME)";
				PROVISIONING_PROFILE_SPECIFIER = "";
				SWIFT_EMIT_LOC_STRINGS = YES;
				SWIFT_VERSION = 5.0;
				TARGETED_DEVICE_FAMILY = "1,2";
			};
			name = Release;
		};
/* End XCBuildConfiguration section */

/* Begin XCConfigurationList section */
		257F66912BC5528F0017146F /* Build configuration list for PBXProject "SegmentHeight" */ = {
			isa = XCConfigurationList;
			buildConfigurations = (
				257F66A22BC552910017146F /* Debug */,
				257F66A32BC552910017146F /* Release */,
			);
			defaultConfigurationIsVisible = 0;
			defaultConfigurationName = Release;
		};
		257F66A42BC552910017146F /* Build configuration list for PBXNativeTarget "SegmentHeight" */ = {
			isa = XCConfigurationList;
			buildConfigurations = (
				257F66A52BC552910017146F /* Debug */,
				257F66A62BC552910017146F /* Release */,
			);
			defaultConfigurationIsVisible = 0;
			defaultConfigurationName = Release;
		};
/* End XCConfigurationList section */
	};
	rootObject = 257F668E2BC5528F0017146F /* Project object */;
}
